
Microsoft Visual Studio Solution File, Format Version 12.00
# Visual Studio Version 16
VisualStudioVersion = 16.0.31129.286
MinimumVisualStudioVersion = 10.0.40219.1
Project("{9A19103F-16F7-4668-BE54-9A1E7A4F7556}") = "WebApiDemo", "WebApiDemo\WebApiDemo.csproj", "{8182A695-C3D3-47A1-98A2-56BADC5D291C}"
EndProject
Project("{FAE04EC0-301F-11D3-BF4B-00C04F79EFBC}") = "DataAccess", "DataAccess\DataAccess.csproj", "{CA74243F-3DFB-447F-BF6E-EAEAC0A4B405}"
EndProject
Global
	GlobalSection(SolutionConfigurationPlatforms) = preSolution
		Debug|Any CPU = Debug|Any CPU
		Release|Any CPU = Release|Any CPU
	EndGlobalSection
	GlobalSection(ProjectConfigurationPlatforms) = postSolution
		{8182A695-C3D3-47A1-98A2-56BADC5D291C}.Debug|Any CPU.ActiveCfg = Debug|Any CPU
		{8182A695-C3D3-47A1-98A2-56BADC5D291C}.Debug|Any CPU.Build.0 = Debug|Any CPU
		{8182A695-C3D3-47A1-98A2-56BADC5D291C}.Release|Any CPU.ActiveCfg = Release|Any CPU
		{8182A695-C3D3-47A1-98A2-56BADC5D291C}.Release|Any CPU.Build.0 = Release|Any CPU
		{CA74243F-3DFB-447F-BF6E-EAEAC0A4B405}.Debug|Any CPU.ActiveCfg = Debug|Any CPU
		{CA74243F-3DFB-447F-BF6E-EAEAC0A4B405}.Debug|Any CPU.Build.0 = Debug|Any CPU
		{CA74243F-3DFB-447F-BF6E-EAEAC0A4B405}.Release|Any CPU.ActiveCfg = Release|Any CPU
		{CA74243F-3DFB-447F-BF6E-EAEAC0A4B405}.Release|Any CPU.Build.0 = Release|Any CPU
	EndGlobalSection
	GlobalSection(SolutionProperties) = preSolution
		HideSolutionNode = FALSE
	EndGlobalSection
	GlobalSection(ExtensibilityGlobals) = postSolution
		SolutionGuid = {F0739369-23BF-4871-AAEB-A4BD4C58DA67}
	EndGlobalSection
EndGlobal
